
Microsoft Visual Studio Solution File, Format Version 12.00
# Visual Studio Version 17
VisualStudioVersion = 17.0.31903.59
MinimumVisualStudioVersion = 10.0.40219.1
Project("{2150E333-8FDC-42A3-9474-1A3956D46DE8}") = "src", "src", "{8E46F557-2902-43A3-9FBB-309966C9801F}"
EndProject
Project("{FAE04EC0-301F-11D3-BF4B-00C04F79EFBC}") = "Game.Core", "src\Game.Core\Game.Core.csproj", "{9A7264F6-14EF-4CDD-AE76-B2167C05B984}"
EndProject
Project("{FAE04EC0-301F-11D3-BF4B-00C04F79EFBC}") = "Game.Net", "src\Game.Net\Game.Net.csproj", "{279A337E-F6D4-4941-9E36-4783989F1588}"
EndProject
Project("{FAE04EC0-301F-11D3-BF4B-00C04F79EFBC}") = "Game.Protocol", "src\Game.Protocol\Game.Protocol.csproj", "{6A61EAEA-4A0B-4083-B769-D90ECF8D9754}"
EndProject
Project("{FAE04EC0-301F-11D3-BF4B-00C04F79EFBC}") = "Game.Server", "src\Game.Server\Game.Server.csproj", "{C43D3905-CE28-4AD7-8C3F-8E674FBB4970}"
EndProject
Project("{2150E333-8FDC-42A3-9474-1A3956D46DE8}") = "tools", "tools", "{9433593E-9E89-4071-A7BF-43A1365A7130}"
EndProject
Project("{FAE04EC0-301F-11D3-BF4B-00C04F79EFBC}") = "BoardEmpire.Simulator", "tools\Simulator\BoardEmpire.Simulator.csproj", "{3829AF42-C937-4B75-882A-E4FF2FF4A971}"
EndProject
Project("{2150E333-8FDC-42A3-9474-1A3956D46DE8}") = "tests", "tests", "{6151AD87-125C-4C7B-9BDE-92130F8BA7FF}"
EndProject
Project("{FAE04EC0-301F-11D3-BF4B-00C04F79EFBC}") = "Core.Tests", "tests\Core.Tests\Core.Tests.csproj", "{A6E00CAA-2F43-4CBE-A1A7-C375026A4BAE}"
EndProject
Project("{FAE04EC0-301F-11D3-BF4B-00C04F79EFBC}") = "Net.Tests", "tests\Net.Tests\Net.Tests.csproj", "{054D7316-8DC5-4E47-8351-E3DF82E25381}"
EndProject
Project("{FAE04EC0-301F-11D3-BF4B-00C04F79EFBC}") = "Server.Tests", "tests\Server.Tests\Server.Tests.csproj", "{1A2E7A57-76E7-4994-8B5A-9623B3824B4E}"
EndProject
Global
	GlobalSection(SolutionConfigurationPlatforms) = preSolution
		Debug|Any CPU = Debug|Any CPU
		Release|Any CPU = Release|Any CPU
	EndGlobalSection
	GlobalSection(SolutionProperties) = preSolution
		HideSolutionNode = FALSE
	EndGlobalSection
	GlobalSection(ProjectConfigurationPlatforms) = postSolution
		{9A7264F6-14EF-4CDD-AE76-B2167C05B984}.Debug|Any CPU.ActiveCfg = Debug|Any CPU
		{9A7264F6-14EF-4CDD-AE76-B2167C05B984}.Debug|Any CPU.Build.0 = Debug|Any CPU
		{9A7264F6-14EF-4CDD-AE76-B2167C05B984}.Release|Any CPU.ActiveCfg = Release|Any CPU
		{9A7264F6-14EF-4CDD-AE76-B2167C05B984}.Release|Any CPU.Build.0 = Release|Any CPU
		{279A337E-F6D4-4941-9E36-4783989F1588}.Debug|Any CPU.ActiveCfg = Debug|Any CPU
		{279A337E-F6D4-4941-9E36-4783989F1588}.Debug|Any CPU.Build.0 = Debug|Any CPU
		{279A337E-F6D4-4941-9E36-4783989F1588}.Release|Any CPU.ActiveCfg = Release|Any CPU
		{279A337E-F6D4-4941-9E36-4783989F1588}.Release|Any CPU.Build.0 = Release|Any CPU
		{6A61EAEA-4A0B-4083-B769-D90ECF8D9754}.Debug|Any CPU.ActiveCfg = Debug|Any CPU
		{6A61EAEA-4A0B-4083-B769-D90ECF8D9754}.Debug|Any CPU.Build.0 = Debug|Any CPU
		{6A61EAEA-4A0B-4083-B769-D90ECF8D9754}.Release|Any CPU.ActiveCfg = Release|Any CPU
		{6A61EAEA-4A0B-4083-B769-D90ECF8D9754}.Release|Any CPU.Build.0 = Release|Any CPU
		{C43D3905-CE28-4AD7-8C3F-8E674FBB4970}.Debug|Any CPU.ActiveCfg = Debug|Any CPU
		{C43D3905-CE28-4AD7-8C3F-8E674FBB4970}.Debug|Any CPU.Build.0 = Debug|Any CPU
		{C43D3905-CE28-4AD7-8C3F-8E674FBB4970}.Release|Any CPU.ActiveCfg = Release|Any CPU
		{C43D3905-CE28-4AD7-8C3F-8E674FBB4970}.Release|Any CPU.Build.0 = Release|Any CPU
		{3829AF42-C937-4B75-882A-E4FF2FF4A971}.Debug|Any CPU.ActiveCfg = Debug|Any CPU
		{3829AF42-C937-4B75-882A-E4FF2FF4A971}.Debug|Any CPU.Build.0 = Debug|Any CPU
		{3829AF42-C937-4B75-882A-E4FF2FF4A971}.Release|Any CPU.ActiveCfg = Release|Any CPU
		{3829AF42-C937-4B75-882A-E4FF2FF4A971}.Release|Any CPU.Build.0 = Release|Any CPU
		{A6E00CAA-2F43-4CBE-A1A7-C375026A4BAE}.Debug|Any CPU.ActiveCfg = Debug|Any CPU
		{A6E00CAA-2F43-4CBE-A1A7-C375026A4BAE}.Debug|Any CPU.Build.0 = Debug|Any CPU
		{A6E00CAA-2F43-4CBE-A1A7-C375026A4BAE}.Release|Any CPU.ActiveCfg = Release|Any CPU
		{A6E00CAA-2F43-4CBE-A1A7-C375026A4BAE}.Release|Any CPU.Build.0 = Release|Any CPU
		{054D7316-8DC5-4E47-8351-E3DF82E25381}.Debug|Any CPU.ActiveCfg = Debug|Any CPU
		{054D7316-8DC5-4E47-8351-E3DF82E25381}.Debug|Any CPU.Build.0 = Debug|Any CPU
		{054D7316-8DC5-4E47-8351-E3DF82E25381}.Release|Any CPU.ActiveCfg = Release|Any CPU
		{054D7316-8DC5-4E47-8351-E3DF82E25381}.Release|Any CPU.Build.0 = Release|Any CPU
		{1A2E7A57-76E7-4994-8B5A-9623B3824B4E}.Debug|Any CPU.ActiveCfg = Debug|Any CPU
		{1A2E7A57-76E7-4994-8B5A-9623B3824B4E}.Debug|Any CPU.Build.0 = Debug|Any CPU
		{1A2E7A57-76E7-4994-8B5A-9623B3824B4E}.Release|Any CPU.ActiveCfg = Release|Any CPU
		{1A2E7A57-76E7-4994-8B5A-9623B3824B4E}.Release|Any CPU.Build.0 = Release|Any CPU
	EndGlobalSection
	GlobalSection(NestedProjects) = preSolution
		{9A7264F6-14EF-4CDD-AE76-B2167C05B984} = {8E46F557-2902-43A3-9FBB-309966C9801F}
		{279A337E-F6D4-4941-9E36-4783989F1588} = {8E46F557-2902-43A3-9FBB-309966C9801F}
		{6A61EAEA-4A0B-4083-B769-D90ECF8D9754} = {8E46F557-2902-43A3-9FBB-309966C9801F}
		{C43D3905-CE28-4AD7-8C3F-8E674FBB4970} = {8E46F557-2902-43A3-9FBB-309966C9801F}
		{3829AF42-C937-4B75-882A-E4FF2FF4A971} = {9433593E-9E89-4071-A7BF-43A1365A7130}
		{A6E00CAA-2F43-4CBE-A1A7-C375026A4BAE} = {6151AD87-125C-4C7B-9BDE-92130F8BA7FF}
		{054D7316-8DC5-4E47-8351-E3DF82E25381} = {6151AD87-125C-4C7B-9BDE-92130F8BA7FF}
		{1A2E7A57-76E7-4994-8B5A-9623B3824B4E} = {6151AD87-125C-4C7B-9BDE-92130F8BA7FF}
	EndGlobalSection
EndGlobal
